
Microsoft Visual Studio Solution File, Format Version 12.00
# Visual Studio 15
VisualStudioVersion = 15.0.28010.2050
MinimumVisualStudioVersion = 10.0.40219.1
Project("{8BC9CEB8-8B4A-11D0-8D11-00A0C91BC942}") = "CompareTool2", "CompareTool2\CompareTool2.vcxproj", "{CF39174E-7254-497B-8FFD-46D66A74791E}"
EndProject
Global
	GlobalSection(SolutionConfigurationPlatforms) = preSolution
		Debug|x64 = Debug|x64
		Debug|x86 = Debug|x86
		Release|x64 = Release|x64
		Release|x86 = Release|x86
	EndGlobalSection
	GlobalSection(ProjectConfigurationPlatforms) = postSolution
		{CF39174E-7254-497B-8FFD-46D66A74791E}.Debug|x64.ActiveCfg = Debug|x64
		{CF39174E-7254-497B-8FFD-46D66A74791E}.Debug|x64.Build.0 = Debug|x64
		{CF39174E-7254-497B-8FFD-46D66A74791E}.Debug|x86.ActiveCfg = Debug|Win32
		{CF39174E-7254-497B-8FFD-46D66A74791E}.Debug|x86.Build.0 = Debug|Win32
		{CF39174E-7254-497B-8FFD-46D66A74791E}.Release|x64.ActiveCfg = Release|x64
		{CF39174E-7254-497B-8FFD-46D66A74791E}.Release|x64.Build.0 = Release|x64
		{CF39174E-7254-497B-8FFD-46D66A74791E}.Release|x86.ActiveCfg = Release|Win32
		{CF39174E-7254-497B-8FFD-46D66A74791E}.Release|x86.Build.0 = Release|Win32
	EndGlobalSection
	GlobalSection(SolutionProperties) = preSolution
		HideSolutionNode = FALSE
	EndGlobalSection
	GlobalSection(ExtensibilityGlobals) = postSolution
		SolutionGuid = {5CC1D06E-3201-47A8-900A-65EA3EE287F8}
	EndGlobalSection
EndGlobal
